
Microsoft Visual Studio Solution File, Format Version 12.00
# Visual Studio Version 17
VisualStudioVersion = 17.14.36717.8 d17.14
MinimumVisualStudioVersion = 10.0.40219.1
Project("{FAE04EC0-301F-11D3-BF4B-00C04F79EFBC}") = "PCGFairnessSimulator", "PCGFairnessSimulator.csproj", "{34FD496C-8AE3-4FF4-BFBC-EA862CEBABF9}"
EndProject
Global
	GlobalSection(SolutionConfigurationPlatforms) = preSolution
		Debug|Any CPU = Debug|Any CPU
		Release|Any CPU = Release|Any CPU
	EndGlobalSection
	GlobalSection(ProjectConfigurationPlatforms) = postSolution
		{34FD496C-8AE3-4FF4-BFBC-EA862CEBABF9}.Debug|Any CPU.ActiveCfg = Debug|Any CPU
		{34FD496C-8AE3-4FF4-BFBC-EA862CEBABF9}.Debug|Any CPU.Build.0 = Debug|Any CPU
		{34FD496C-8AE3-4FF4-BFBC-EA862CEBABF9}.Release|Any CPU.ActiveCfg = Release|Any CPU
		{34FD496C-8AE3-4FF4-BFBC-EA862CEBABF9}.Release|Any CPU.Build.0 = Release|Any CPU
	EndGlobalSection
	GlobalSection(SolutionProperties) = preSolution
		HideSolutionNode = FALSE
	EndGlobalSection
	GlobalSection(ExtensibilityGlobals) = postSolution
		SolutionGuid = {2F9D426B-54F6-4635-A1BC-51BE723A0036}
	EndGlobalSection
EndGlobal
